
Microsoft Visual Studio Solution File, Format Version 12.00
# Visual Studio Version 17
VisualStudioVersion = 17.0.31903.59
MinimumVisualStudioVersion = 10.0.40219.1
Project("{FAE04EC0-301F-11D3-BF4B-00C04F79EFBC}") = "GhdCodingTestApi", "GhdCodingTestApi\GhdCodingTestApi.csproj", "{D3B17AD0-AAB4-4741-A34F-5066E9BB46E1}"
EndProject
Project("{FAE04EC0-301F-11D3-BF4B-00C04F79EFBC}") = "GhdCodingTestTests", "GhdCodingTestTests\GhdCodingTestTests.csproj", "{5C7EDE61-25F7-454E-A56C-6F8087BA3221}"
EndProject
Global
	GlobalSection(SolutionConfigurationPlatforms) = preSolution
		Debug|Any CPU = Debug|Any CPU
		Release|Any CPU = Release|Any CPU
	EndGlobalSection
	GlobalSection(SolutionProperties) = preSolution
		HideSolutionNode = FALSE
	EndGlobalSection
	GlobalSection(ProjectConfigurationPlatforms) = postSolution
		{D3B17AD0-AAB4-4741-A34F-5066E9BB46E1}.Debug|Any CPU.ActiveCfg = Debug|Any CPU
		{D3B17AD0-AAB4-4741-A34F-5066E9BB46E1}.Debug|Any CPU.Build.0 = Debug|Any CPU
		{D3B17AD0-AAB4-4741-A34F-5066E9BB46E1}.Release|Any CPU.ActiveCfg = Release|Any CPU
		{D3B17AD0-AAB4-4741-A34F-5066E9BB46E1}.Release|Any CPU.Build.0 = Release|Any CPU
		{5C7EDE61-25F7-454E-A56C-6F8087BA3221}.Debug|Any CPU.ActiveCfg = Debug|Any CPU
		{5C7EDE61-25F7-454E-A56C-6F8087BA3221}.Debug|Any CPU.Build.0 = Debug|Any CPU
		{5C7EDE61-25F7-454E-A56C-6F8087BA3221}.Release|Any CPU.ActiveCfg = Release|Any CPU
		{5C7EDE61-25F7-454E-A56C-6F8087BA3221}.Release|Any CPU.Build.0 = Release|Any CPU
	EndGlobalSection
EndGlobal
